// !$*UTF8*$!
{
	archiveVersion = 1;
	classes = {
	};
	objectVersion = 46;
	objects = {

/* Begin PBXBuildFile section */
		4BF8E1BBFBDF1DC1C7ACCE98 /* Pods_RetailStoreTests.framework in Frameworks */ = {isa = PBXBuildFile; fileRef = 04F5308855FD4FF56B44C435 /* Pods_RetailStoreTests.framework */; };
		8F72DBEBEB863F67FEC2DE24 /* Pods_RetailStore.framework in Frameworks */ = {isa = PBXBuildFile; fileRef = 71C72110C8013338B5752204 /* Pods_RetailStore.framework */; };
		983108E9706E8B9085FB052B /* Pods_RetailStoreUITests.framework in Frameworks */ = {isa = PBXBuildFile; fileRef = A136127C1210999F1FE22680 /* Pods_RetailStoreUITests.framework */; };
		EB9E5D641EEBD53B00B8CB03 /* Main.storyboard in Resources */ = {isa = PBXBuildFile; fileRef = EB9E5D621EEBD53B00B8CB03 /* Main.storyboard */; };
		EB9E5D691EEBD53B00B8CB03 /* Assets.xcassets in Resources */ = {isa = PBXBuildFile; fileRef = EB9E5D681EEBD53B00B8CB03 /* Assets.xcassets */; };
		EB9E5D6C1EEBD53B00B8CB03 /* LaunchScreen.storyboard in Resources */ = {isa = PBXBuildFile; fileRef = EB9E5D6A1EEBD53B00B8CB03 /* LaunchScreen.storyboard */; };
		EB9E5D771EEBD53B00B8CB03 /* RetailStoreTests.swift in Sources */ = {isa = PBXBuildFile; fileRef = EB9E5D761EEBD53B00B8CB03 /* RetailStoreTests.swift */; };
		EB9E5D821EEBD53B00B8CB03 /* RetailStoreUITests.swift in Sources */ = {isa = PBXBuildFile; fileRef = EB9E5D811EEBD53B00B8CB03 /* RetailStoreUITests.swift */; };
		EB9E5DB41EEBEDCB00B8CB03 /* AppDelegate.swift in Sources */ = {isa = PBXBuildFile; fileRef = EB9E5D9A1EEBEDCB00B8CB03 /* AppDelegate.swift */; };
		EB9E5DB51EEBEDCB00B8CB03 /* AppDelegate.swift in Sources */ = {isa = PBXBuildFile; fileRef = EB9E5D9A1EEBEDCB00B8CB03 /* AppDelegate.swift */; };
		EB9E5DB61EEBEDCB00B8CB03 /* AppDelegate.swift in Sources */ = {isa = PBXBuildFile; fileRef = EB9E5D9A1EEBEDCB00B8CB03 /* AppDelegate.swift */; };
		EB9E5DB71EEBEDCB00B8CB03 /* CoreDataStore.swift in Sources */ = {isa = PBXBuildFile; fileRef = EB9E5DAE1EEBEDCB00B8CB03 /* CoreDataStore.swift */; };
		EB9E5DB81EEBEDCB00B8CB03 /* CoreDataStore.swift in Sources */ = {isa = PBXBuildFile; fileRef = EB9E5DAE1EEBEDCB00B8CB03 /* CoreDataStore.swift */; };
		EB9E5DB91EEBEDCB00B8CB03 /* CoreDataStore.swift in Sources */ = {isa = PBXBuildFile; fileRef = EB9E5DAE1EEBEDCB00B8CB03 /* CoreDataStore.swift */; };
		EB9E5DBA1EEBEDCB00B8CB03 /* RetailStore.xcdatamodeld in Sources */ = {isa = PBXBuildFile; fileRef = EB9E5DAF1EEBEDCB00B8CB03 /* RetailStore.xcdatamodeld */; };
		EB9E5DBB1EEBEDCB00B8CB03 /* RetailStore.xcdatamodeld in Sources */ = {isa = PBXBuildFile; fileRef = EB9E5DAF1EEBEDCB00B8CB03 /* RetailStore.xcdatamodeld */; };
		EB9E5DBC1EEBEDCB00B8CB03 /* RetailStore.xcdatamodeld in Sources */ = {isa = PBXBuildFile; fileRef = EB9E5DAF1EEBEDCB00B8CB03 /* RetailStore.xcdatamodeld */; };
		EB9E5DBD1EEBEDCB00B8CB03 /* ViewController.swift in Sources */ = {isa = PBXBuildFile; fileRef = EB9E5DB11EEBEDCB00B8CB03 /* ViewController.swift */; };
		EB9E5DBE1EEBEDCB00B8CB03 /* ViewController.swift in Sources */ = {isa = PBXBuildFile; fileRef = EB9E5DB11EEBEDCB00B8CB03 /* ViewController.swift */; };
		EB9E5DBF1EEBEDCB00B8CB03 /* ViewController.swift in Sources */ = {isa = PBXBuildFile; fileRef = EB9E5DB11EEBEDCB00B8CB03 /* ViewController.swift */; };
		EB9E5DC01EEBEDCB00B8CB03 /* Products.plist in Resources */ = {isa = PBXBuildFile; fileRef = EB9E5DB31EEBEDCB00B8CB03 /* Products.plist */; };
		EB9E5DC11EEBEDCB00B8CB03 /* Products.plist in Resources */ = {isa = PBXBuildFile; fileRef = EB9E5DB31EEBEDCB00B8CB03 /* Products.plist */; };
		EB9E5DC21EEBEDCB00B8CB03 /* Products.plist in Resources */ = {isa = PBXBuildFile; fileRef = EB9E5DB31EEBEDCB00B8CB03 /* Products.plist */; };
		EB9E5DC81EEBF69C00B8CB03 /* ‘ListViewController.swift in Sources */ = {isa = PBXBuildFile; fileRef = EB9E5DC71EEBF69C00B8CB03 /* ‘ListViewController.swift */; };
		EB9E5DC91EEBF69C00B8CB03 /* ‘ListViewController.swift in Sources */ = {isa = PBXBuildFile; fileRef = EB9E5DC71EEBF69C00B8CB03 /* ‘ListViewController.swift */; };
		EB9E5DCA1EEBF69C00B8CB03 /* ‘ListViewController.swift in Sources */ = {isa = PBXBuildFile; fileRef = EB9E5DC71EEBF69C00B8CB03 /* ‘ListViewController.swift */; };
		EB9E5DCC1EEBF72A00B8CB03 /* ListWireframe.swift in Sources */ = {isa = PBXBuildFile; fileRef = EB9E5DCB1EEBF72A00B8CB03 /* ListWireframe.swift */; };
		EB9E5DCD1EEBF72A00B8CB03 /* ListWireframe.swift in Sources */ = {isa = PBXBuildFile; fileRef = EB9E5DCB1EEBF72A00B8CB03 /* ListWireframe.swift */; };
		EB9E5DCE1EEBF72A00B8CB03 /* ListWireframe.swift in Sources */ = {isa = PBXBuildFile; fileRef = EB9E5DCB1EEBF72A00B8CB03 /* ListWireframe.swift */; };
		EB9E5DD01EEBF73600B8CB03 /* ListPresenter.swift in Sources */ = {isa = PBXBuildFile; fileRef = EB9E5DCF1EEBF73600B8CB03 /* ListPresenter.swift */; };
		EB9E5DD11EEBF73600B8CB03 /* ListPresenter.swift in Sources */ = {isa = PBXBuildFile; fileRef = EB9E5DCF1EEBF73600B8CB03 /* ListPresenter.swift */; };
		EB9E5DD21EEBF73600B8CB03 /* ListPresenter.swift in Sources */ = {isa = PBXBuildFile; fileRef = EB9E5DCF1EEBF73600B8CB03 /* ListPresenter.swift */; };
		EB9E5DD41EEBF74D00B8CB03 /* ListDataManager.swift in Sources */ = {isa = PBXBuildFile; fileRef = EB9E5DD31EEBF74D00B8CB03 /* ListDataManager.swift */; };
		EB9E5DD51EEBF74D00B8CB03 /* ListDataManager.swift in Sources */ = {isa = PBXBuildFile; fileRef = EB9E5DD31EEBF74D00B8CB03 /* ListDataManager.swift */; };
		EB9E5DD61EEBF74D00B8CB03 /* ListDataManager.swift in Sources */ = {isa = PBXBuildFile; fileRef = EB9E5DD31EEBF74D00B8CB03 /* ListDataManager.swift */; };
		EB9E5DD81EEBF75500B8CB03 /* ListInteractor.swift in Sources */ = {isa = PBXBuildFile; fileRef = EB9E5DD71EEBF75500B8CB03 /* ListInteractor.swift */; };
		EB9E5DD91EEBF75500B8CB03 /* ListInteractor.swift in Sources */ = {isa = PBXBuildFile; fileRef = EB9E5DD71EEBF75500B8CB03 /* ListInteractor.swift */; };
		EB9E5DDA1EEBF75500B8CB03 /* ListInteractor.swift in Sources */ = {isa = PBXBuildFile; fileRef = EB9E5DD71EEBF75500B8CB03 /* ListInteractor.swift */; };
		EB9E5DDE1EEBFB1100B8CB03 /* Constants.swift in Sources */ = {isa = PBXBuildFile; fileRef = EB9E5DDD1EEBFB1100B8CB03 /* Constants.swift */; };
		EB9E5DDF1EEBFB1100B8CB03 /* Constants.swift in Sources */ = {isa = PBXBuildFile; fileRef = EB9E5DDD1EEBFB1100B8CB03 /* Constants.swift */; };
		EB9E5DE01EEBFB1100B8CB03 /* Constants.swift in Sources */ = {isa = PBXBuildFile; fileRef = EB9E5DDD1EEBFB1100B8CB03 /* Constants.swift */; };
		EB9E5DE41EEC062000B8CB03 /* Models.swift in Sources */ = {isa = PBXBuildFile; fileRef = EB9E5DE31EEC062000B8CB03 /* Models.swift */; };
		EB9E5DE51EEC062000B8CB03 /* Models.swift in Sources */ = {isa = PBXBuildFile; fileRef = EB9E5DE31EEC062000B8CB03 /* Models.swift */; };
		EB9E5DE61EEC062000B8CB03 /* Models.swift in Sources */ = {isa = PBXBuildFile; fileRef = EB9E5DE31EEC062000B8CB03 /* Models.swift */; };
/* End PBXBuildFile section */

/* Begin PBXContainerItemProxy section */
		EB9E5D731EEBD53B00B8CB03 /* PBXContainerItemProxy */ = {
			isa = PBXContainerItemProxy;
			containerPortal = EB9E5D531EEBD53B00B8CB03 /* Project object */;
			proxyType = 1;
			remoteGlobalIDString = EB9E5D5A1EEBD53B00B8CB03;
			remoteInfo = RetailStore;
		};
		EB9E5D7E1EEBD53B00B8CB03 /* PBXContainerItemProxy */ = {
			isa = PBXContainerItemProxy;
			containerPortal = EB9E5D531EEBD53B00B8CB03 /* Project object */;
			proxyType = 1;
			remoteGlobalIDString = EB9E5D5A1EEBD53B00B8CB03;
			remoteInfo = RetailStore;
		};
/* End PBXContainerItemProxy section */

/* Begin PBXFileReference section */
		04F5308855FD4FF56B44C435 /* Pods_RetailStoreTests.framework */ = {isa = PBXFileReference; explicitFileType = wrapper.framework; includeInIndex = 0; path = Pods_RetailStoreTests.framework; sourceTree = BUILT_PRODUCTS_DIR; };
		2C9858625480F9895DF43E36 /* Pods-RetailStore.release.xcconfig */ = {isa = PBXFileReference; includeInIndex = 1; lastKnownFileType = text.xcconfig; name = "Pods-RetailStore.release.xcconfig"; path = "Target Support Files/Pods-RetailStore/Pods-RetailStore.release.xcconfig"; sourceTree = "<group>"; };
		2CDD2FF47CA0FBD40098580A /* Pods-RetailStoreUITests.debug.xcconfig */ = {isa = PBXFileReference; includeInIndex = 1; lastKnownFileType = text.xcconfig; name = "Pods-RetailStoreUITests.debug.xcconfig"; path = "Target Support Files/Pods-RetailStoreUITests/Pods-RetailStoreUITests.debug.xcconfig"; sourceTree = "<group>"; };
		2F318DD1FB86D3455EE0FA28 /* Pods-RetailStoreTests.release.xcconfig */ = {isa = PBXFileReference; includeInIndex = 1; lastKnownFileType = text.xcconfig; name = "Pods-RetailStoreTests.release.xcconfig"; path = "Target Support Files/Pods-RetailStoreTests/Pods-RetailStoreTests.release.xcconfig"; sourceTree = "<group>"; };
		5BBD3D3856E1D83DF8E25283 /* Pods-RetailStoreTests.debug.xcconfig */ = {isa = PBXFileReference; includeInIndex = 1; lastKnownFileType = text.xcconfig; name = "Pods-RetailStoreTests.debug.xcconfig"; path = "Target Support Files/Pods-RetailStoreTests/Pods-RetailStoreTests.debug.xcconfig"; sourceTree = "<group>"; };
		71C72110C8013338B5752204 /* Pods_RetailStore.framework */ = {isa = PBXFileReference; explicitFileType = wrapper.framework; includeInIndex = 0; path = Pods_RetailStore.framework; sourceTree = BUILT_PRODUCTS_DIR; };
		A136127C1210999F1FE22680 /* Pods_RetailStoreUITests.framework */ = {isa = PBXFileReference; explicitFileType = wrapper.framework; includeInIndex = 0; path = Pods_RetailStoreUITests.framework; sourceTree = BUILT_PRODUCTS_DIR; };
		A501015729615163A6BA7E54 /* Pods-RetailStoreUITests.release.xcconfig */ = {isa = PBXFileReference; includeInIndex = 1; lastKnownFileType = text.xcconfig; name = "Pods-RetailStoreUITests.release.xcconfig"; path = "Target Support Files/Pods-RetailStoreUITests/Pods-RetailStoreUITests.release.xcconfig"; sourceTree = "<group>"; };
		BF626F00056B2D48F7D1B883 /* Pods-RetailStore.debug.xcconfig */ = {isa = PBXFileReference; includeInIndex = 1; lastKnownFileType = text.xcconfig; name = "Pods-RetailStore.debug.xcconfig"; path = "Target Support Files/Pods-RetailStore/Pods-RetailStore.debug.xcconfig"; sourceTree = "<group>"; };
		EB9E5D5B1EEBD53B00B8CB03 /* RetailStore.app */ = {isa = PBXFileReference; explicitFileType = wrapper.application; includeInIndex = 0; path = RetailStore.app; sourceTree = BUILT_PRODUCTS_DIR; };
		EB9E5D631EEBD53B00B8CB03 /* Base */ = {isa = PBXFileReference; lastKnownFileType = file.storyboard; name = Base; path = Base.lproj/Main.storyboard; sourceTree = "<group>"; };
		EB9E5D681EEBD53B00B8CB03 /* Assets.xcassets */ = {isa = PBXFileReference; lastKnownFileType = folder.assetcatalog; path = Assets.xcassets; sourceTree = "<group>"; };
		EB9E5D6B1EEBD53B00B8CB03 /* Base */ = {isa = PBXFileReference; lastKnownFileType = file.storyboard; name = Base; path = Base.lproj/LaunchScreen.storyboard; sourceTree = "<group>"; };
		EB9E5D6D1EEBD53B00B8CB03 /* Info.plist */ = {isa = PBXFileReference; lastKnownFileType = text.plist.xml; path = Info.plist; sourceTree = "<group>"; };
		EB9E5D721EEBD53B00B8CB03 /* RetailStoreTests.xctest */ = {isa = PBXFileReference; explicitFileType = wrapper.cfbundle; includeInIndex = 0; path = RetailStoreTests.xctest; sourceTree = BUILT_PRODUCTS_DIR; };
		EB9E5D761EEBD53B00B8CB03 /* RetailStoreTests.swift */ = {isa = PBXFileReference; lastKnownFileType = sourcecode.swift; path = RetailStoreTests.swift; sourceTree = "<group>"; };
		EB9E5D781EEBD53B00B8CB03 /* Info.plist */ = {isa = PBXFileReference; lastKnownFileType = text.plist.xml; path = Info.plist; sourceTree = "<group>"; };
		EB9E5D7D1EEBD53B00B8CB03 /* RetailStoreUITests.xctest */ = {isa = PBXFileReference; explicitFileType = wrapper.cfbundle; includeInIndex = 0; path = RetailStoreUITests.xctest; sourceTree = BUILT_PRODUCTS_DIR; };
		EB9E5D811EEBD53B00B8CB03 /* RetailStoreUITests.swift */ = {isa = PBXFileReference; lastKnownFileType = sourcecode.swift; path = RetailStoreUITests.swift; sourceTree = "<group>"; };
		EB9E5D831EEBD53B00B8CB03 /* Info.plist */ = {isa = PBXFileReference; lastKnownFileType = text.plist.xml; path = Info.plist; sourceTree = "<group>"; };
		EB9E5D9A1EEBEDCB00B8CB03 /* AppDelegate.swift */ = {isa = PBXFileReference; fileEncoding = 4; lastKnownFileType = sourcecode.swift; path = AppDelegate.swift; sourceTree = "<group>"; };
		EB9E5DAE1EEBEDCB00B8CB03 /* CoreDataStore.swift */ = {isa = PBXFileReference; fileEncoding = 4; lastKnownFileType = sourcecode.swift; path = CoreDataStore.swift; sourceTree = "<group>"; };
		EB9E5DB01EEBEDCB00B8CB03 /* RetailStore.xcdatamodel */ = {isa = PBXFileReference; lastKnownFileType = wrapper.xcdatamodel; path = RetailStore.xcdatamodel; sourceTree = "<group>"; };
		EB9E5DB11EEBEDCB00B8CB03 /* ViewController.swift */ = {isa = PBXFileReference; fileEncoding = 4; lastKnownFileType = sourcecode.swift; path = ViewController.swift; sourceTree = "<group>"; };
		EB9E5DB31EEBEDCB00B8CB03 /* Products.plist */ = {isa = PBXFileReference; fileEncoding = 4; lastKnownFileType = text.plist.xml; path = Products.plist; sourceTree = "<group>"; };
		EB9E5DC71EEBF69C00B8CB03 /* ‘ListViewController.swift */ = {isa = PBXFileReference; fileEncoding = 4; lastKnownFileType = sourcecode.swift; path = "‘ListViewController.swift"; sourceTree = "<group>"; };
		EB9E5DCB1EEBF72A00B8CB03 /* ListWireframe.swift */ = {isa = PBXFileReference; fileEncoding = 4; lastKnownFileType = sourcecode.swift; path = ListWireframe.swift; sourceTree = "<group>"; };
		EB9E5DCF1EEBF73600B8CB03 /* ListPresenter.swift */ = {isa = PBXFileReference; fileEncoding = 4; lastKnownFileType = sourcecode.swift; path = ListPresenter.swift; sourceTree = "<group>"; };
		EB9E5DD31EEBF74D00B8CB03 /* ListDataManager.swift */ = {isa = PBXFileReference; fileEncoding = 4; lastKnownFileType = sourcecode.swift; path = ListDataManager.swift; sourceTree = "<group>"; };
		EB9E5DD71EEBF75500B8CB03 /* ListInteractor.swift */ = {isa = PBXFileReference; fileEncoding = 4; lastKnownFileType = sourcecode.swift; path = ListInteractor.swift; sourceTree = "<group>"; };
		EB9E5DDD1EEBFB1100B8CB03 /* Constants.swift */ = {isa = PBXFileReference; fileEncoding = 4; lastKnownFileType = sourcecode.swift; path = Constants.swift; sourceTree = "<group>"; };
		EB9E5DE31EEC062000B8CB03 /* Models.swift */ = {isa = PBXFileReference; fileEncoding = 4; lastKnownFileType = sourcecode.swift; path = Models.swift; sourceTree = "<group>"; };
/* End PBXFileReference section */

/* Begin PBXFrameworksBuildPhase section */
		EB9E5D581EEBD53B00B8CB03 /* Frameworks */ = {
			isa = PBXFrameworksBuildPhase;
			buildActionMask = 2147483647;
			files = (
				8F72DBEBEB863F67FEC2DE24 /* Pods_RetailStore.framework in Frameworks */,
			);
			runOnlyForDeploymentPostprocessing = 0;
		};
		EB9E5D6F1EEBD53B00B8CB03 /* Frameworks */ = {
			isa = PBXFrameworksBuildPhase;
			buildActionMask = 2147483647;
			files = (
				4BF8E1BBFBDF1DC1C7ACCE98 /* Pods_RetailStoreTests.framework in Frameworks */,
			);
			runOnlyForDeploymentPostprocessing = 0;
		};
		EB9E5D7A1EEBD53B00B8CB03 /* Frameworks */ = {
			isa = PBXFrameworksBuildPhase;
			buildActionMask = 2147483647;
			files = (
				983108E9706E8B9085FB052B /* Pods_RetailStoreUITests.framework in Frameworks */,
			);
			runOnlyForDeploymentPostprocessing = 0;
		};
/* End PBXFrameworksBuildPhase section */

/* Begin PBXGroup section */
		48D1EFCCD4022B3199E9B7E7 /* Frameworks */ = {
			isa = PBXGroup;
			children = (
				71C72110C8013338B5752204 /* Pods_RetailStore.framework */,
				04F5308855FD4FF56B44C435 /* Pods_RetailStoreTests.framework */,
				A136127C1210999F1FE22680 /* Pods_RetailStoreUITests.framework */,
			);
			name = Frameworks;
			sourceTree = "<group>";
		};
		840B83B69CEF683797322FA1 /* Pods */ = {
			isa = PBXGroup;
			children = (
				BF626F00056B2D48F7D1B883 /* Pods-RetailStore.debug.xcconfig */,
				2C9858625480F9895DF43E36 /* Pods-RetailStore.release.xcconfig */,
				5BBD3D3856E1D83DF8E25283 /* Pods-RetailStoreTests.debug.xcconfig */,
				2F318DD1FB86D3455EE0FA28 /* Pods-RetailStoreTests.release.xcconfig */,
				2CDD2FF47CA0FBD40098580A /* Pods-RetailStoreUITests.debug.xcconfig */,
				A501015729615163A6BA7E54 /* Pods-RetailStoreUITests.release.xcconfig */,
			);
			name = Pods;
			path = Pods;
			sourceTree = "<group>";
		};
		EB9E5D521EEBD53B00B8CB03 = {
			isa = PBXGroup;
			children = (
				EB9E5D5D1EEBD53B00B8CB03 /* RetailStore */,
				EB9E5D751EEBD53B00B8CB03 /* RetailStoreTests */,
				EB9E5D801EEBD53B00B8CB03 /* RetailStoreUITests */,
				EB9E5D5C1EEBD53B00B8CB03 /* Products */,
				840B83B69CEF683797322FA1 /* Pods */,
				48D1EFCCD4022B3199E9B7E7 /* Frameworks */,
			);
			sourceTree = "<group>";
		};
		EB9E5D5C1EEBD53B00B8CB03 /* Products */ = {
			isa = PBXGroup;
			children = (
				EB9E5D5B1EEBD53B00B8CB03 /* RetailStore.app */,
				EB9E5D721EEBD53B00B8CB03 /* RetailStoreTests.xctest */,
				EB9E5D7D1EEBD53B00B8CB03 /* RetailStoreUITests.xctest */,
			);
			name = Products;
			sourceTree = "<group>";
		};
		EB9E5D5D1EEBD53B00B8CB03 /* RetailStore */ = {
			isa = PBXGroup;
			children = (
				EB9E5D991EEBEDCB00B8CB03 /* Classes */,
				EB9E5DB21EEBEDCB00B8CB03 /* Resources */,
				EB9E5D621EEBD53B00B8CB03 /* Main.storyboard */,
				EB9E5D681EEBD53B00B8CB03 /* Assets.xcassets */,
				EB9E5D6A1EEBD53B00B8CB03 /* LaunchScreen.storyboard */,
				EB9E5D6D1EEBD53B00B8CB03 /* Info.plist */,
			);
			path = RetailStore;
			sourceTree = "<group>";
		};
		EB9E5D751EEBD53B00B8CB03 /* RetailStoreTests */ = {
			isa = PBXGroup;
			children = (
				EB9E5D761EEBD53B00B8CB03 /* RetailStoreTests.swift */,
				EB9E5D781EEBD53B00B8CB03 /* Info.plist */,
			);
			path = RetailStoreTests;
			sourceTree = "<group>";
		};
		EB9E5D801EEBD53B00B8CB03 /* RetailStoreUITests */ = {
			isa = PBXGroup;
			children = (
				EB9E5D811EEBD53B00B8CB03 /* RetailStoreUITests.swift */,
				EB9E5D831EEBD53B00B8CB03 /* Info.plist */,
			);
			path = RetailStoreUITests;
			sourceTree = "<group>";
		};
		EB9E5D991EEBEDCB00B8CB03 /* Classes */ = {
			isa = PBXGroup;
			children = (
				EB9E5D9A1EEBEDCB00B8CB03 /* AppDelegate.swift */,
				EB9E5D9B1EEBEDCB00B8CB03 /* Common */,
				EB9E5D9C1EEBEDCB00B8CB03 /* Modules */,
				EB9E5DAD1EEBEDCB00B8CB03 /* Store */,
				EB9E5DB11EEBEDCB00B8CB03 /* ViewController.swift */,
			);
			path = Classes;
			sourceTree = "<group>";
		};
		EB9E5D9B1EEBEDCB00B8CB03 /* Common */ = {
			isa = PBXGroup;
			children = (
				EB9E5DE21EEC060A00B8CB03 /* Models */,
				EB9E5DDC1EEBFAF400B8CB03 /* Constants */,
			);
			path = Common;
			sourceTree = "<group>";
		};
		EB9E5D9C1EEBEDCB00B8CB03 /* Modules */ = {
			isa = PBXGroup;
			children = (
				EB9E5DA51EEBEDCB00B8CB03 /* List */,
				EB9E5D9D1EEBEDCB00B8CB03 /* Detail */,
			);
			path = Modules;
			sourceTree = "<group>";
		};
		EB9E5D9D1EEBEDCB00B8CB03 /* Detail */ = {
			isa = PBXGroup;
			children = (
				EB9E5D9E1EEBEDCB00B8CB03 /* Application Logic */,
				EB9E5DA11EEBEDCB00B8CB03 /* User Interface */,
			);
			path = Detail;
			sourceTree = "<group>";
		};
		EB9E5D9E1EEBEDCB00B8CB03 /* Application Logic */ = {
			isa = PBXGroup;
			children = (
				EB9E5D9F1EEBEDCB00B8CB03 /* Interactor */,
				EB9E5DA01EEBEDCB00B8CB03 /* Manager */,
			);
			path = "Application Logic";
			sourceTree = "<group>";
		};
		EB9E5D9F1EEBEDCB00B8CB03 /* Interactor */ = {
			isa = PBXGroup;
			children = (
			);
			path = Interactor;
			sourceTree = "<group>";
		};
		EB9E5DA01EEBEDCB00B8CB03 /* Manager */ = {
			isa = PBXGroup;
			children = (
			);
			path = Manager;
			sourceTree = "<group>";
		};
		EB9E5DA11EEBEDCB00B8CB03 /* User Interface */ = {
			isa = PBXGroup;
			children = (
				EB9E5DA21EEBEDCB00B8CB03 /* Presenter */,
				EB9E5DA31EEBEDCB00B8CB03 /* View */,
				EB9E5DA41EEBEDCB00B8CB03 /* Wireframe */,
			);
			path = "User Interface";
			sourceTree = "<group>";
		};
		EB9E5DA21EEBEDCB00B8CB03 /* Presenter */ = {
			isa = PBXGroup;
			children = (
			);
			path = Presenter;
			sourceTree = "<group>";
		};
		EB9E5DA31EEBEDCB00B8CB03 /* View */ = {
			isa = PBXGroup;
			children = (
			);
			path = View;
			sourceTree = "<group>";
		};
		EB9E5DA41EEBEDCB00B8CB03 /* Wireframe */ = {
			isa = PBXGroup;
			children = (
			);
			path = Wireframe;
			sourceTree = "<group>";
		};
		EB9E5DA51EEBEDCB00B8CB03 /* List */ = {
			isa = PBXGroup;
			children = (
				EB9E5DA61EEBEDCB00B8CB03 /* Application Logic */,
				EB9E5DA91EEBEDCB00B8CB03 /* User Interface */,
			);
			path = List;
			sourceTree = "<group>";
		};
		EB9E5DA61EEBEDCB00B8CB03 /* Application Logic */ = {
			isa = PBXGroup;
			children = (
				EB9E5DA71EEBEDCB00B8CB03 /* Interactor */,
				EB9E5DA81EEBEDCB00B8CB03 /* Manager */,
			);
			path = "Application Logic";
			sourceTree = "<group>";
		};
		EB9E5DA71EEBEDCB00B8CB03 /* Interactor */ = {
			isa = PBXGroup;
			children = (
				EB9E5DD71EEBF75500B8CB03 /* ListInteractor.swift */,
			);
			path = Interactor;
			sourceTree = "<group>";
		};
		EB9E5DA81EEBEDCB00B8CB03 /* Manager */ = {
			isa = PBXGroup;
			children = (
				EB9E5DD31EEBF74D00B8CB03 /* ListDataManager.swift */,
			);
			path = Manager;
			sourceTree = "<group>";
		};
		EB9E5DA91EEBEDCB00B8CB03 /* User Interface */ = {
			isa = PBXGroup;
			children = (
				EB9E5DAA1EEBEDCB00B8CB03 /* Presenter */,
				EB9E5DAB1EEBEDCB00B8CB03 /* View */,
				EB9E5DAC1EEBEDCB00B8CB03 /* Wireframe */,
			);
			path = "User Interface";
			sourceTree = "<group>";
		};
		EB9E5DAA1EEBEDCB00B8CB03 /* Presenter */ = {
			isa = PBXGroup;
			children = (
				EB9E5DCF1EEBF73600B8CB03 /* ListPresenter.swift */,
			);
			path = Presenter;
			sourceTree = "<group>";
		};
		EB9E5DAB1EEBEDCB00B8CB03 /* View */ = {
			isa = PBXGroup;
			children = (
				EB9E5DC71EEBF69C00B8CB03 /* ‘ListViewController.swift */,
			);
			path = View;
			sourceTree = "<group>";
		};
		EB9E5DAC1EEBEDCB00B8CB03 /* Wireframe */ = {
			isa = PBXGroup;
			children = (
				EB9E5DCB1EEBF72A00B8CB03 /* ListWireframe.swift */,
			);
			path = Wireframe;
			sourceTree = "<group>";
		};
		EB9E5DAD1EEBEDCB00B8CB03 /* Store */ = {
			isa = PBXGroup;
			children = (
				EB9E5DAE1EEBEDCB00B8CB03 /* CoreDataStore.swift */,
				EB9E5DAF1EEBEDCB00B8CB03 /* RetailStore.xcdatamodeld */,
			);
			path = Store;
			sourceTree = "<group>";
		};
		EB9E5DB21EEBEDCB00B8CB03 /* Resources */ = {
			isa = PBXGroup;
			children = (
				EB9E5DB31EEBEDCB00B8CB03 /* Products.plist */,
			);
			path = Resources;
			sourceTree = "<group>";
		};
		EB9E5DDC1EEBFAF400B8CB03 /* Constants */ = {
			isa = PBXGroup;
			children = (
				EB9E5DDD1EEBFB1100B8CB03 /* Constants.swift */,
			);
			path = Constants;
			sourceTree = "<group>";
		};
		EB9E5DE21EEC060A00B8CB03 /* Models */ = {
			isa = PBXGroup;
			children = (
				EB9E5DE31EEC062000B8CB03 /* Models.swift */,
			);
			path = Models;
			sourceTree = "<group>";
		};
/* End PBXGroup section */

/* Begin PBXNativeTarget section */
		EB9E5D5A1EEBD53B00B8CB03 /* RetailStore */ = {
			isa = PBXNativeTarget;
			buildConfigurationList = EB9E5D861EEBD53B00B8CB03 /* Build configuration list for PBXNativeTarget "RetailStore" */;
			buildPhases = (
				C64CBBAE8B310CF968ADB7F9 /* [CP] Check Pods Manifest.lock */,
				EB9E5D571EEBD53B00B8CB03 /* Sources */,
				EB9E5D581EEBD53B00B8CB03 /* Frameworks */,
				EB9E5D591EEBD53B00B8CB03 /* Resources */,
				D667A209E5C9691B2E34C718 /* [CP] Embed Pods Frameworks */,
			);
			buildRules = (
			);
			dependencies = (
			);
			name = RetailStore;
			productName = RetailStore;
			productReference = EB9E5D5B1EEBD53B00B8CB03 /* RetailStore.app */;
			productType = "com.apple.product-type.application";
		};
		EB9E5D711EEBD53B00B8CB03 /* RetailStoreTests */ = {
			isa = PBXNativeTarget;
			buildConfigurationList = EB9E5D891EEBD53B00B8CB03 /* Build configuration list for PBXNativeTarget "RetailStoreTests" */;
			buildPhases = (
				F7FCB9F83539EC434BE052A5 /* [CP] Check Pods Manifest.lock */,
				EB9E5D6E1EEBD53B00B8CB03 /* Sources */,
				EB9E5D6F1EEBD53B00B8CB03 /* Frameworks */,
				EB9E5D701EEBD53B00B8CB03 /* Resources */,
			);
			buildRules = (
			);
			dependencies = (
				EB9E5D741EEBD53B00B8CB03 /* PBXTargetDependency */,
			);
			name = RetailStoreTests;
			productName = RetailStoreTests;
			productReference = EB9E5D721EEBD53B00B8CB03 /* RetailStoreTests.xctest */;
			productType = "com.apple.product-type.bundle.unit-test";
		};
		EB9E5D7C1EEBD53B00B8CB03 /* RetailStoreUITests */ = {
			isa = PBXNativeTarget;
			buildConfigurationList = EB9E5D8C1EEBD53B00B8CB03 /* Build configuration list for PBXNativeTarget "RetailStoreUITests" */;
			buildPhases = (
				B7A95346568C1116AA9CB410 /* [CP] Check Pods Manifest.lock */,
				EB9E5D791EEBD53B00B8CB03 /* Sources */,
				EB9E5D7A1EEBD53B00B8CB03 /* Frameworks */,
				EB9E5D7B1EEBD53B00B8CB03 /* Resources */,
			);
			buildRules = (
			);
			dependencies = (
				EB9E5D7F1EEBD53B00B8CB03 /* PBXTargetDependency */,
			);
			name = RetailStoreUITests;
			productName = RetailStoreUITests;
			productReference = EB9E5D7D1EEBD53B00B8CB03 /* RetailStoreUITests.xctest */;
			productType = "com.apple.product-type.bundle.ui-testing";
		};
/* End PBXNativeTarget section */

/* Begin PBXProject section */
		EB9E5D531EEBD53B00B8CB03 /* Project object */ = {
			isa = PBXProject;
			attributes = {
				LastSwiftUpdateCheck = 0830;
				LastUpgradeCheck = 0830;
				ORGANIZATIONNAME = Saravanan;
				TargetAttributes = {
					EB9E5D5A1EEBD53B00B8CB03 = {
						CreatedOnToolsVersion = 8.3.2;
						DevelopmentTeam = J5DVY656XB;
						ProvisioningStyle = Automatic;
					};
					EB9E5D711EEBD53B00B8CB03 = {
						CreatedOnToolsVersion = 8.3.2;
						DevelopmentTeam = J5DVY656XB;
						ProvisioningStyle = Automatic;
						TestTargetID = EB9E5D5A1EEBD53B00B8CB03;
					};
					EB9E5D7C1EEBD53B00B8CB03 = {
						CreatedOnToolsVersion = 8.3.2;
						DevelopmentTeam = J5DVY656XB;
						ProvisioningStyle = Automatic;
						TestTargetID = EB9E5D5A1EEBD53B00B8CB03;
					};
				};
			};
			buildConfigurationList = EB9E5D561EEBD53B00B8CB03 /* Build configuration list for PBXProject "RetailStore" */;
			compatibilityVersion = "Xcode 3.2";
			developmentRegion = English;
			hasScannedForEncodings = 0;
			knownRegions = (
				English,
				en,
				Base,
			);
			mainGroup = EB9E5D521EEBD53B00B8CB03;
			productRefGroup = EB9E5D5C1EEBD53B00B8CB03 /* Products */;
			projectDirPath = "";
			projectRoot = "";
			targets = (
				EB9E5D5A1EEBD53B00B8CB03 /* RetailStore */,
				EB9E5D711EEBD53B00B8CB03 /* RetailStoreTests */,
				EB9E5D7C1EEBD53B00B8CB03 /* RetailStoreUITests */,
			);
		};
/* End PBXProject section */

/* Begin PBXResourcesBuildPhase section */
		EB9E5D591EEBD53B00B8CB03 /* Resources */ = {
			isa = PBXResourcesBuildPhase;
			buildActionMask = 2147483647;
			files = (
				EB9E5DC01EEBEDCB00B8CB03 /* Products.plist in Resources */,
				EB9E5D6C1EEBD53B00B8CB03 /* LaunchScreen.storyboard in Resources */,
				EB9E5D691EEBD53B00B8CB03 /* Assets.xcassets in Resources */,
				EB9E5D641EEBD53B00B8CB03 /* Main.storyboard in Resources */,
			);
			runOnlyForDeploymentPostprocessing = 0;
		};
		EB9E5D701EEBD53B00B8CB03 /* Resources */ = {
			isa = PBXResourcesBuildPhase;
			buildActionMask = 2147483647;
			files = (
				EB9E5DC11EEBEDCB00B8CB03 /* Products.plist in Resources */,
			);
			runOnlyForDeploymentPostprocessing = 0;
		};
		EB9E5D7B1EEBD53B00B8CB03 /* Resources */ = {
			isa = PBXResourcesBuildPhase;
			buildActionMask = 2147483647;
			files = (
				EB9E5DC21EEBEDCB00B8CB03 /* Products.plist in Resources */,
			);
			runOnlyForDeploymentPostprocessing = 0;
		};
/* End PBXResourcesBuildPhase section */

/* Begin PBXShellScriptBuildPhase section */
		B7A95346568C1116AA9CB410 /* [CP] Check Pods Manifest.lock */ = {
			isa = PBXShellScriptBuildPhase;
			buildActionMask = 2147483647;
			files = (
			);
			inputFileListPaths = (
			);
			inputPaths = (
				"${PODS_PODFILE_DIR_PATH}/Podfile.lock",
				"${PODS_ROOT}/Manifest.lock",
			);
			name = "[CP] Check Pods Manifest.lock";
			outputFileListPaths = (
			);
			outputPaths = (
				"$(DERIVED_FILE_DIR)/Pods-RetailStoreUITests-checkManifestLockResult.txt",
			);
			runOnlyForDeploymentPostprocessing = 0;
			shellPath = /bin/sh;
			shellScript = "diff \"${PODS_PODFILE_DIR_PATH}/Podfile.lock\" \"${PODS_ROOT}/Manifest.lock\" > /dev/null\nif [ $? != 0 ] ; then\n    # print error to STDERR\n    echo \"error: The sandbox is not in sync with the Podfile.lock. Run 'pod install' or update your CocoaPods installation.\" >&2\n    exit 1\nfi\n# This output is used by Xcode 'outputs' to avoid re-running this script phase.\necho \"SUCCESS\" > \"${SCRIPT_OUTPUT_FILE_0}\"\n";
			showEnvVarsInLog = 0;
		};
		C64CBBAE8B310CF968ADB7F9 /* [CP] Check Pods Manifest.lock */ = {
			isa = PBXShellScriptBuildPhase;
			buildActionMask = 2147483647;
			files = (
			);
			inputFileListPaths = (
			);
			inputPaths = (
				"${PODS_PODFILE_DIR_PATH}/Podfile.lock",
				"${PODS_ROOT}/Manifest.lock",
			);
			name = "[CP] Check Pods Manifest.lock";
			outputFileListPaths = (
			);
			outputPaths = (
				"$(DERIVED_FILE_DIR)/Pods-RetailStore-checkManifestLockResult.txt",
			);
			runOnlyForDeploymentPostprocessing = 0;
			shellPath = /bin/sh;
			shellScript = "diff \"${PODS_PODFILE_DIR_PATH}/Podfile.lock\" \"${PODS_ROOT}/Manifest.lock\" > /dev/null\nif [ $? != 0 ] ; then\n    # print error to STDERR\n    echo \"error: The sandbox is not in sync with the Podfile.lock. Run 'pod install' or update your CocoaPods installation.\" >&2\n    exit 1\nfi\n# This output is used by Xcode 'outputs' to avoid re-running this script phase.\necho \"SUCCESS\" > \"${SCRIPT_OUTPUT_FILE_0}\"\n";
			showEnvVarsInLog = 0;
		};
		D667A209E5C9691B2E34C718 /* [CP] Embed Pods Frameworks */ = {
			isa = PBXShellScriptBuildPhase;
			buildActionMask = 2147483647;
			files = (
			);
			inputPaths = (
				"${PODS_ROOT}/Target Support Files/Pods-RetailStore/Pods-RetailStore-frameworks.sh",
				"${BUILT_PRODUCTS_DIR}/RxCocoa/RxCocoa.framework",
				"${BUILT_PRODUCTS_DIR}/RxSwift/RxSwift.framework",
			);
			name = "[CP] Embed Pods Frameworks";
			outputPaths = (
				"${TARGET_BUILD_DIR}/${FRAMEWORKS_FOLDER_PATH}/RxCocoa.framework",
				"${TARGET_BUILD_DIR}/${FRAMEWORKS_FOLDER_PATH}/RxSwift.framework",
			);
			runOnlyForDeploymentPostprocessing = 0;
			shellPath = /bin/sh;
			shellScript = "\"${PODS_ROOT}/Target Support Files/Pods-RetailStore/Pods-RetailStore-frameworks.sh\"\n";
			showEnvVarsInLog = 0;
		};
		F7FCB9F83539EC434BE052A5 /* [CP] Check Pods Manifest.lock */ = {
			isa = PBXShellScriptBuildPhase;
			buildActionMask = 2147483647;
			files = (
			);
			inputFileListPaths = (
			);
			inputPaths = (
				"${PODS_PODFILE_DIR_PATH}/Podfile.lock",
				"${PODS_ROOT}/Manifest.lock",
			);
			name = "[CP] Check Pods Manifest.lock";
			outputFileListPaths = (
			);
			outputPaths = (
				"$(DERIVED_FILE_DIR)/Pods-RetailStoreTests-checkManifestLockResult.txt",
			);
			runOnlyForDeploymentPostprocessing = 0;
			shellPath = /bin/sh;
			shellScript = "diff \"${PODS_PODFILE_DIR_PATH}/Podfile.lock\" \"${PODS_ROOT}/Manifest.lock\" > /dev/null\nif [ $? != 0 ] ; then\n    # print error to STDERR\n    echo \"error: The sandbox is not in sync with the Podfile.lock. Run 'pod install' or update your CocoaPods installation.\" >&2\n    exit 1\nfi\n# This output is used by Xcode 'outputs' to avoid re-running this script phase.\necho \"SUCCESS\" > \"${SCRIPT_OUTPUT_FILE_0}\"\n";
			showEnvVarsInLog = 0;
		};
/* End PBXShellScriptBuildPhase section */

/* Begin PBXSourcesBuildPhase section */
		EB9E5D571EEBD53B00B8CB03 /* Sources */ = {
			isa = PBXSourcesBuildPhase;
			buildActionMask = 2147483647;
			files = (
				EB9E5DE41EEC062000B8CB03 /* Models.swift in Sources */,
				EB9E5DD01EEBF73600B8CB03 /* ListPresenter.swift in Sources */,
				EB9E5DCC1EEBF72A00B8CB03 /* ListWireframe.swift in Sources */,
				EB9E5DB71EEBEDCB00B8CB03 /* CoreDataStore.swift in Sources */,
				EB9E5DD81EEBF75500B8CB03 /* ListInteractor.swift in Sources */,
				EB9E5DD41EEBF74D00B8CB03 /* ListDataManager.swift in Sources */,
				EB9E5DDE1EEBFB1100B8CB03 /* Constants.swift in Sources */,
				EB9E5DC81EEBF69C00B8CB03 /* ‘ListViewController.swift in Sources */,
				EB9E5DB41EEBEDCB00B8CB03 /* AppDelegate.swift in Sources */,
				EB9E5DBD1EEBEDCB00B8CB03 /* ViewController.swift in Sources */,
				EB9E5DBA1EEBEDCB00B8CB03 /* RetailStore.xcdatamodeld in Sources */,
			);
			runOnlyForDeploymentPostprocessing = 0;
		};
		EB9E5D6E1EEBD53B00B8CB03 /* Sources */ = {
			isa = PBXSourcesBuildPhase;
			buildActionMask = 2147483647;
			files = (
				EB9E5DD91EEBF75500B8CB03 /* ListInteractor.swift in Sources */,
				EB9E5DDF1EEBFB1100B8CB03 /* Constants.swift in Sources */,
				EB9E5DBE1EEBEDCB00B8CB03 /* ViewController.swift in Sources */,
				EB9E5DE51EEC062000B8CB03 /* Models.swift in Sources */,
				EB9E5DB81EEBEDCB00B8CB03 /* CoreDataStore.swift in Sources */,
				EB9E5DD11EEBF73600B8CB03 /* ListPresenter.swift in Sources */,
				EB9E5DB51EEBEDCB00B8CB03 /* AppDelegate.swift in Sources */,
				EB9E5DCD1EEBF72A00B8CB03 /* ListWireframe.swift in Sources */,
				EB9E5DC91EEBF69C00B8CB03 /* ‘ListViewController.swift in Sources */,
				EB9E5DBB1EEBEDCB00B8CB03 /* RetailStore.xcdatamodeld in Sources */,
				EB9E5DD51EEBF74D00B8CB03 /* ListDataManager.swift in Sources */,
				EB9E5D771EEBD53B00B8CB03 /* RetailStoreTests.swift in Sources */,
			);
			runOnlyForDeploymentPostprocessing = 0;
		};
		EB9E5D791EEBD53B00B8CB03 /* Sources */ = {
			isa = PBXSourcesBuildPhase;
			buildActionMask = 2147483647;
			files = (
				EB9E5DDA1EEBF75500B8CB03 /* ListInteractor.swift in Sources */,
				EB9E5DE01EEBFB1100B8CB03 /* Constants.swift in Sources */,
				EB9E5DBF1EEBEDCB00B8CB03 /* ViewController.swift in Sources */,
				EB9E5DE61EEC062000B8CB03 /* Models.swift in Sources */,
				EB9E5DB91EEBEDCB00B8CB03 /* CoreDataStore.swift in Sources */,
				EB9E5DD21EEBF73600B8CB03 /* ListPresenter.swift in Sources */,
				EB9E5DB61EEBEDCB00B8CB03 /* AppDelegate.swift in Sources */,
				EB9E5DCE1EEBF72A00B8CB03 /* ListWireframe.swift in Sources */,
				EB9E5DCA1EEBF69C00B8CB03 /* ‘ListViewController.swift in Sources */,
				EB9E5DBC1EEBEDCB00B8CB03 /* RetailStore.xcdatamodeld in Sources */,
				EB9E5DD61EEBF74D00B8CB03 /* ListDataManager.swift in Sources */,
				EB9E5D821EEBD53B00B8CB03 /* RetailStoreUITests.swift in Sources */,
			);
			runOnlyForDeploymentPostprocessing = 0;
		};
/* End PBXSourcesBuildPhase section */

/* Begin PBXTargetDependency section */
		EB9E5D741EEBD53B00B8CB03 /* PBXTargetDependency */ = {
			isa = PBXTargetDependency;
			target = EB9E5D5A1EEBD53B00B8CB03 /* RetailStore */;
			targetProxy = EB9E5D731EEBD53B00B8CB03 /* PBXContainerItemProxy */;
		};
		EB9E5D7F1EEBD53B00B8CB03 /* PBXTargetDependency */ = {
			isa = PBXTargetDependency;
			target = EB9E5D5A1EEBD53B00B8CB03 /* RetailStore */;
			targetProxy = EB9E5D7E1EEBD53B00B8CB03 /* PBXContainerItemProxy */;
		};
/* End PBXTargetDependency section */

/* Begin PBXVariantGroup section */
		EB9E5D621EEBD53B00B8CB03 /* Main.storyboard */ = {
			isa = PBXVariantGroup;
			children = (
				EB9E5D631EEBD53B00B8CB03 /* Base */,
			);
			name = Main.storyboard;
			sourceTree = "<group>";
		};
		EB9E5D6A1EEBD53B00B8CB03 /* LaunchScreen.storyboard */ = {
			isa = PBXVariantGroup;
			children = (
				EB9E5D6B1EEBD53B00B8CB03 /* Base */,
			);
			name = LaunchScreen.storyboard;
			sourceTree = "<group>";
		};
/* End PBXVariantGroup section */

/* Begin XCBuildConfiguration section */
		EB9E5D841EEBD53B00B8CB03 /* Debug */ = {
			isa = XCBuildConfiguration;
			buildSettings = {
				ALWAYS_SEARCH_USER_PATHS = NO;
				CLANG_ANALYZER_NONNULL = YES;
				CLANG_ANALYZER_NUMBER_OBJECT_CONVERSION = YES_AGGRESSIVE;
				CLANG_CXX_LANGUAGE_STANDARD = "gnu++0x";
				CLANG_CXX_LIBRARY = "libc++";
				CLANG_ENABLE_MODULES = YES;
				CLANG_ENABLE_OBJC_ARC = YES;
				CLANG_WARN_BOOL_CONVERSION = YES;
				CLANG_WARN_CONSTANT_CONVERSION = YES;
				CLANG_WARN_DIRECT_OBJC_ISA_USAGE = YES_ERROR;
				CLANG_WARN_DOCUMENTATION_COMMENTS = YES;
				CLANG_WARN_EMPTY_BODY = YES;
				CLANG_WARN_ENUM_CONVERSION = YES;
				CLANG_WARN_INFINITE_RECURSION = YES;
				CLANG_WARN_INT_CONVERSION = YES;
				CLANG_WARN_OBJC_ROOT_CLASS = YES_ERROR;
				CLANG_WARN_SUSPICIOUS_MOVE = YES;
				CLANG_WARN_UNREACHABLE_CODE = YES;
				CLANG_WARN__DUPLICATE_METHOD_MATCH = YES;
				"CODE_SIGN_IDENTITY[sdk=iphoneos*]" = "iPhone Developer";
				COPY_PHASE_STRIP = NO;
				DEBUG_INFORMATION_FORMAT = dwarf;
				ENABLE_STRICT_OBJC_MSGSEND = YES;
				ENABLE_TESTABILITY = YES;
				GCC_C_LANGUAGE_STANDARD = gnu99;
				GCC_DYNAMIC_NO_PIC = NO;
				GCC_NO_COMMON_BLOCKS = YES;
				GCC_OPTIMIZATION_LEVEL = 0;
				GCC_PREPROCESSOR_DEFINITIONS = (
					"DEBUG=1",
					"$(inherited)",
				);
				GCC_WARN_64_TO_32_BIT_CONVERSION = YES;
				GCC_WARN_ABOUT_RETURN_TYPE = YES_ERROR;
				GCC_WARN_UNDECLARED_SELECTOR = YES;
				GCC_WARN_UNINITIALIZED_AUTOS = YES_AGGRESSIVE;
				GCC_WARN_UNUSED_FUNCTION = YES;
				GCC_WARN_UNUSED_VARIABLE = YES;
				IPHONEOS_DEPLOYMENT_TARGET = 11.0;
				MTL_ENABLE_DEBUG_INFO = YES;
				ONLY_ACTIVE_ARCH = YES;
				SDKROOT = iphoneos;
				SWIFT_ACTIVE_COMPILATION_CONDITIONS = DEBUG;
				SWIFT_OPTIMIZATION_LEVEL = "-Onone";
			};
			name = Debug;
		};
		EB9E5D851EEBD53B00B8CB03 /* Release */ = {
			isa = XCBuildConfiguration;
			buildSettings = {
				ALWAYS_SEARCH_USER_PATHS = NO;
				CLANG_ANALYZER_NONNULL = YES;
				CLANG_ANALYZER_NUMBER_OBJECT_CONVERSION = YES_AGGRESSIVE;
				CLANG_CXX_LANGUAGE_STANDARD = "gnu++0x";
				CLANG_CXX_LIBRARY = "libc++";
				CLANG_ENABLE_MODULES = YES;
				CLANG_ENABLE_OBJC_ARC = YES;
				CLANG_WARN_BOOL_CONVERSION = YES;
				CLANG_WARN_CONSTANT_CONVERSION = YES;
				CLANG_WARN_DIRECT_OBJC_ISA_USAGE = YES_ERROR;
				CLANG_WARN_DOCUMENTATION_COMMENTS = YES;
				CLANG_WARN_EMPTY_BODY = YES;
				CLANG_WARN_ENUM_CONVERSION = YES;
				CLANG_WARN_INFINITE_RECURSION = YES;
				CLANG_WARN_INT_CONVERSION = YES;
				CLANG_WARN_OBJC_ROOT_CLASS = YES_ERROR;
				CLANG_WARN_SUSPICIOUS_MOVE = YES;
				CLANG_WARN_UNREACHABLE_CODE = YES;
				CLANG_WARN__DUPLICATE_METHOD_MATCH = YES;
				"CODE_SIGN_IDENTITY[sdk=iphoneos*]" = "iPhone Developer";
				COPY_PHASE_STRIP = NO;
				DEBUG_INFORMATION_FORMAT = "dwarf-with-dsym";
				ENABLE_NS_ASSERTIONS = NO;
				ENABLE_STRICT_OBJC_MSGSEND = YES;
				GCC_C_LANGUAGE_STANDARD = gnu99;
				GCC_NO_COMMON_BLOCKS = YES;
				GCC_WARN_64_TO_32_BIT_CONVERSION = YES;
				GCC_WARN_ABOUT_RETURN_TYPE = YES_ERROR;
				GCC_WARN_UNDECLARED_SELECTOR = YES;
				GCC_WARN_UNINITIALIZED_AUTOS = YES_AGGRESSIVE;
				GCC_WARN_UNUSED_FUNCTION = YES;
				GCC_WARN_UNUSED_VARIABLE = YES;
				IPHONEOS_DEPLOYMENT_TARGET = 11.0;
				MTL_ENABLE_DEBUG_INFO = NO;
				SDKROOT = iphoneos;
				SWIFT_OPTIMIZATION_LEVEL = "-Owholemodule";
				VALIDATE_PRODUCT = YES;
			};
			name = Release;
		};
		EB9E5D871EEBD53B00B8CB03 /* Debug */ = {
			isa = XCBuildConfiguration;
			baseConfigurationReference = BF626F00056B2D48F7D1B883 /* Pods-RetailStore.debug.xcconfig */;
			buildSettings = {
				ASSETCATALOG_COMPILER_APPICON_NAME = AppIcon;
				DEVELOPMENT_TEAM = J5DVY656XB;
				INFOPLIST_FILE = RetailStore/Info.plist;
				LD_RUNPATH_SEARCH_PATHS = "$(inherited) @executable_path/Frameworks";
				PRODUCT_BUNDLE_IDENTIFIER = com.Saravanan.RetailStore;
				PRODUCT_NAME = "$(TARGET_NAME)";
				SWIFT_VERSION = 4.2;
			};
			name = Debug;
		};
		EB9E5D881EEBD53B00B8CB03 /* Release */ = {
			isa = XCBuildConfiguration;
			baseConfigurationReference = 2C9858625480F9895DF43E36 /* Pods-RetailStore.release.xcconfig */;
			buildSettings = {
				ASSETCATALOG_COMPILER_APPICON_NAME = AppIcon;
				DEVELOPMENT_TEAM = J5DVY656XB;
				INFOPLIST_FILE = RetailStore/Info.plist;
				LD_RUNPATH_SEARCH_PATHS = "$(inherited) @executable_path/Frameworks";
				PRODUCT_BUNDLE_IDENTIFIER = com.Saravanan.RetailStore;
				PRODUCT_NAME = "$(TARGET_NAME)";
				SWIFT_VERSION = 4.2;
			};
			name = Release;
		};
		EB9E5D8A1EEBD53B00B8CB03 /* Debug */ = {
			isa = XCBuildConfiguration;
			baseConfigurationReference = 5BBD3D3856E1D83DF8E25283 /* Pods-RetailStoreTests.debug.xcconfig */;
			buildSettings = {
				ALWAYS_EMBED_SWIFT_STANDARD_LIBRARIES = YES;
				BUNDLE_LOADER = "$(TEST_HOST)";
				DEVELOPMENT_TEAM = J5DVY656XB;
				INFOPLIST_FILE = RetailStoreTests/Info.plist;
				LD_RUNPATH_SEARCH_PATHS = "$(inherited) @executable_path/Frameworks @loader_path/Frameworks";
				PRODUCT_BUNDLE_IDENTIFIER = com.Saravanan.RetailStoreTests;
				PRODUCT_NAME = "$(TARGET_NAME)";
				SWIFT_VERSION = 3.0;
				TEST_HOST = "$(BUILT_PRODUCTS_DIR)/RetailStore.app/RetailStore";
			};
			name = Debug;
		};
		EB9E5D8B1EEBD53B00B8CB03 /* Release */ = {
			isa = XCBuildConfiguration;
			baseConfigurationReference = 2F318DD1FB86D3455EE0FA28 /* Pods-RetailStoreTests.release.xcconfig */;
			buildSettings = {
				ALWAYS_EMBED_SWIFT_STANDARD_LIBRARIES = YES;
				BUNDLE_LOADER = "$(TEST_HOST)";
				DEVELOPMENT_TEAM = J5DVY656XB;
				INFOPLIST_FILE = RetailStoreTests/Info.plist;
				LD_RUNPATH_SEARCH_PATHS = "$(inherited) @executable_path/Frameworks @loader_path/Frameworks";
				PRODUCT_BUNDLE_IDENTIFIER = com.Saravanan.RetailStoreTests;
				PRODUCT_NAME = "$(TARGET_NAME)";
				SWIFT_VERSION = 3.0;
				TEST_HOST = "$(BUILT_PRODUCTS_DIR)/RetailStore.app/RetailStore";
			};
			name = Release;
		};
		EB9E5D8D1EEBD53B00B8CB03 /* Debug */ = {
			isa = XCBuildConfiguration;
			baseConfigurationReference = 2CDD2FF47CA0FBD40098580A /* Pods-RetailStoreUITests.debug.xcconfig */;
			buildSettings = {
				ALWAYS_EMBED_SWIFT_STANDARD_LIBRARIES = YES;
				DEVELOPMENT_TEAM = J5DVY656XB;
				INFOPLIST_FILE = RetailStoreUITests/Info.plist;
				LD_RUNPATH_SEARCH_PATHS = "$(inherited) @executable_path/Frameworks @loader_path/Frameworks";
				PRODUCT_BUNDLE_IDENTIFIER = com.Saravanan.RetailStoreUITests;
				PRODUCT_NAME = "$(TARGET_NAME)";
				SWIFT_VERSION = 3.0;
				TEST_TARGET_NAME = RetailStore;
			};
			name = Debug;
		};
		EB9E5D8E1EEBD53B00B8CB03 /* Release */ = {
			isa = XCBuildConfiguration;
			baseConfigurationReference = A501015729615163A6BA7E54 /* Pods-RetailStoreUITests.release.xcconfig */;
			buildSettings = {
				ALWAYS_EMBED_SWIFT_STANDARD_LIBRARIES = YES;
				DEVELOPMENT_TEAM = J5DVY656XB;
				INFOPLIST_FILE = RetailStoreUITests/Info.plist;
				LD_RUNPATH_SEARCH_PATHS = "$(inherited) @executable_path/Frameworks @loader_path/Frameworks";
				PRODUCT_BUNDLE_IDENTIFIER = com.Saravanan.RetailStoreUITests;
				PRODUCT_NAME = "$(TARGET_NAME)";
				SWIFT_VERSION = 3.0;
				TEST_TARGET_NAME = RetailStore;
			};
			name = Release;
		};
/* End XCBuildConfiguration section */

/* Begin XCConfigurationList section */
		EB9E5D561EEBD53B00B8CB03 /* Build configuration list for PBXProject "RetailStore" */ = {
			isa = XCConfigurationList;
			buildConfigurations = (
				EB9E5D841EEBD53B00B8CB03 /* Debug */,
				EB9E5D851EEBD53B00B8CB03 /* Release */,
			);
			defaultConfigurationIsVisible = 0;
			defaultConfigurationName = Release;
		};
		EB9E5D861EEBD53B00B8CB03 /* Build configuration list for PBXNativeTarget "RetailStore" */ = {
			isa = XCConfigurationList;
			buildConfigurations = (
				EB9E5D871EEBD53B00B8CB03 /* Debug */,
				EB9E5D881EEBD53B00B8CB03 /* Release */,
			);
			defaultConfigurationIsVisible = 0;
			defaultConfigurationName = Release;
		};
		EB9E5D891EEBD53B00B8CB03 /* Build configuration list for PBXNativeTarget "RetailStoreTests" */ = {
			isa = XCConfigurationList;
			buildConfigurations = (
				EB9E5D8A1EEBD53B00B8CB03 /* Debug */,
				EB9E5D8B1EEBD53B00B8CB03 /* Release */,
			);
			defaultConfigurationIsVisible = 0;
			defaultConfigurationName = Release;
		};
		EB9E5D8C1EEBD53B00B8CB03 /* Build configuration list for PBXNativeTarget "RetailStoreUITests" */ = {
			isa = XCConfigurationList;
			buildConfigurations = (
				EB9E5D8D1EEBD53B00B8CB03 /* Debug */,
				EB9E5D8E1EEBD53B00B8CB03 /* Release */,
			);
			defaultConfigurationIsVisible = 0;
			defaultConfigurationName = Release;
		};
/* End XCConfigurationList section */

/* Begin XCVersionGroup section */
		EB9E5DAF1EEBEDCB00B8CB03 /* RetailStore.xcdatamodeld */ = {
			isa = XCVersionGroup;
			children = (
				EB9E5DB01EEBEDCB00B8CB03 /* RetailStore.xcdatamodel */,
			);
			currentVersion = EB9E5DB01EEBEDCB00B8CB03 /* RetailStore.xcdatamodel */;
			path = RetailStore.xcdatamodeld;
			sourceTree = "<group>";
			versionGroupType = wrapper.xcdatamodel;
		};
/* End XCVersionGroup section */
	};
	rootObject = EB9E5D531EEBD53B00B8CB03 /* Project object */;
}
